// !$*UTF8*$!
{
	archiveVersion = 1;
	classes = {
	};
	objectVersion = 46;
	objects = {

		8B9B3E4C4C64381D512089AA = {isa = PBXBuildFile; fileRef = AA2341E8FE13816E99E853F2; };
		8D11862E93A3F3DD4BE5D020 = {isa = PBXBuildFile; fileRef = 35AB8BF1749E2E488B2DB2CD; };
		E27D6F0C89912684B0A85E10 = {isa = PBXBuildFile; fileRef = CB86834ADF2F7E4D2A2DBBF2; };
		B544AED6A9A13CF4FD32076F = {isa = PBXBuildFile; fileRef = B46AB877C67D118CE963E6C6; };
		C2891250179E1606716D9CBD = {isa = PBXBuildFile; fileRef = 1B0AA4DF881431D29DCCFB82; };
		E68344FC8DA1EF732F8208EC = {isa = PBXBuildFile; fileRef = 849FC31155361CEC5DFDB3CD; };
		C8C77215C2C1200CBD7BE674 = {isa = PBXBuildFile; fileRef = 72AB0E553042E7D8BB112ADF; };
		1BF8C3E33568D309015F8AC2 = {isa = PBXBuildFile; fileRef = 7641323E0ABDE4CE01D78A85; };
		C047106C9B1473EE04531BE2 = {isa = PBXBuildFile; fileRef = 604C0494AB8D24F59ABAAE86; };
		7565FF7B601640017BAD9C27 = {isa = PBXBuildFile; fileRef = 747DAA6D08C2565A6127DB09; };
		0C846F9C68661F8585F33919 = {isa = PBXBuildFile; fileRef = 4C414C7C58A70D6584E9A1ED; };
		96D79467138C897636D258A5 = {isa = PBXBuildFile; fileRef = 95087C905335242F05F9E640; };
		7CA51255CF47663F7E3FAA86 = {isa = PBXBuildFile; fileRef = 9F83CA7EAC1204B7D38595F2; };
		F0A3D48E43B70338DEBA0C94 = {isa = PBXBuildFile; fileRef = F31943CD3B4410254B1CC77D; };
		4D15F97DE128BD78FC8531A5 = {isa = PBXBuildFile; fileRef = 126687E695464AAD8CBC3E9D; };
		2425E550B4C814CF86916AC3 = {isa = PBXBuildFile; fileRef = F36463BCA80C55BD98A99847; };
		A11F7B73B81003EAC56C2223 = {isa = PBXBuildFile; fileRef = 4953A66C98C1680D1E94AC16; };
		640FA6D03B3D027F7EE36683 = {isa = PBXBuildFile; fileRef = 51373F7A00AC69D2671899BC; };
		4DE811CC2688543B03EE5E30 = {isa = PBXBuildFile; fileRef = B0B5573B8DE47D8EE76F9683; };
		3C39F55AB4E5490D3CC5E763 = {isa = PBXBuildFile; fileRef = E945AFAB9D610773150EF47C; };
		E2FE199C987603828B92E660 = {isa = PBXBuildFile; fileRef = 91BC41A42E31F25B0BD38157; };
		0F0768BEE14626A3188FDF5D = {isa = PBXBuildFile; fileRef = A7C8D07A8991764D52D6D2FF; };
		60E2B50DC1DE99153ACC787A = {isa = PBXBuildFile; fileRef = 998F27CB685E4FB92BD145DA; };
		EF9DEBFC26F1794496741BB9 = {isa = PBXBuildFile; fileRef = E9B30517698CC6926157BA10; };
		62FA7F77D91635ABAAFB731D = {isa = PBXBuildFile; fileRef = FE8FBF14C660096C3556D553; };
		2C912BB1649B2C492C157F34 = {isa = PBXBuildFile; fileRef = B9EAAF970400E7028FB116F2; };
		DB9E8E1758038EC7F906BD22 = {isa = PBXBuildFile; fileRef = 17432C25A1ADC864EEBA20F5; };
		5E9501BA1A069E86D4B4B1D1 = {isa = PBXBuildFile; fileRef = 4B66EE1FC8D69D7D647CE5A7; };
		B1158E9B8EA29856D5C1894F = {isa = PBXBuildFile; fileRef = EE38ECEE474F81BB05EDBBA3; };
		1D538F6DBDA8DCF3A6792E19 = {isa = PBXBuildFile; fileRef = AEAD23DCF07F9991171EB113; };
		5E2C3A87D30A5C4914480B0C = {isa = PBXBuildFile; fileRef = 988269CA86AC53F5EF556E42; };
		0C0058FAA9353707358E4F84 = {isa = PBXBuildFile; fileRef = C671384FDE898516A9E149C9; };
		A2DDB210B638E3B1E0319E8E = {isa = PBXBuildFile; fileRef = 1FDAEDB82F5BFB0443B26C76; };
		BBB3EAEA9320C903607BD73F = {isa = PBXBuildFile; fileRef = B6E9F189CE60DFB4A1F519E5; };
		D46760283B3CD5280806DD04 = {isa = PBXBuildFile; fileRef = D4BAC1E136A2D319BA99E7B4; };
		DCF6676D29F3B0DFABB57B77 = {isa = PBXBuildFile; fileRef = 8227DC7435BBC1F1B6921865; };
		ABDBD0BAC5775C2D586842F7 = {isa = PBXBuildFile; fileRef = 34E22668D979E996526D93E9; };
		27000E70418E1005359D0F7C = {isa = PBXBuildFile; fileRef = B5FFD6CB838A7BF9418D29CE; };
		4E3A4675F8735302C2D9B5D9 = {isa = PBXBuildFile; fileRef = 2835F9D2B68ACDD7C265E20D; };
		C4B49107F782E58C1D75E283 = {isa = PBXBuildFile; fileRef = E4489A7FF398DA6027C8D927; };
		4DEABACEBBB1F244E598ED3D = {isa = PBXBuildFile; fileRef = D3B4D1A0D05BC27C9801486B; };
		52EDD657AE0033A28E2F39F8 = {isa = PBXBuildFile; fileRef = B2C7D6104680711D0D4C2DFD; };
		EEA05DC17DE316E38430D60F = {isa = PBXBuildFile; fileRef = 93DA6B3237790E30D15F2C00; };
		15F748A79375C0A79C381DFD = {isa = PBXBuildFile; fileRef = 4922380893EFA248F3317179; };
		DCBB7E0B6B5A43E06005ACE1 = {isa = PBXBuildFile; fileRef = B189305B3ED4FB17A9628DB8; };
		00DD722F494C67DDE490ACEC = {isa = PBXFileReference; lastKnownFileType = text.plist.xml; name = "Info-VST.plist"; path = "Info-VST.plist"; sourceTree = "SOURCE_ROOT"; };
		0931202003A782297957CA2D = {isa = PBXFileReference; lastKnownFileType = file; name = "juce_cryptography"; path = "/Users/amoghmatt/Documents/JUCE/modules/juce_cryptography"; sourceTree = "<absolute>"; };
		09428C2482462542C18AB4B1 = {isa = PBXFileReference; lastKnownFileType = text.plist.xml; name = MultiBandCompressor.entitlements; path = MultiBandCompressor.entitlements; sourceTree = "SOURCE_ROOT"; };
		126687E695464AAD8CBC3E9D = {isa = PBXFileReference; lastKnownFileType = wrapper.framework; name = CoreMIDI.framework; path = System/Library/Frameworks/CoreMIDI.framework; sourceTree = SDKROOT; };
		17432C25A1ADC864EEBA20F5 = {isa = PBXFileReference; lastKnownFileType = sourcecode.cpp.objcpp; name = "include_juce_audio_formats.mm"; path = "../../JuceLibraryCode/include_juce_audio_formats.mm"; sourceTree = "SOURCE_ROOT"; };
		1B0AA4DF881431D29DCCFB82 = {isa = PBXFileReference; lastKnownFileType = wrapper.framework; name = Accelerate.framework; path = System/Library/Frameworks/Accelerate.framework; sourceTree = SDKROOT; };
		1FDAEDB82F5BFB0443B26C76 = {isa = PBXFileReference; lastKnownFileType = sourcecode.cpp.objcpp; name = "include_juce_audio_plugin_client_VST_utils.mm"; path = "../../JuceLibraryCode/include_juce_audio_plugin_client_VST_utils.mm"; sourceTree = "SOURCE_ROOT"; };
		2835F9D2B68ACDD7C265E20D = {isa = PBXFileReference; lastKnownFileType = sourcecode.cpp.objcpp; name = "include_juce_data_structures.mm"; path = "../../JuceLibraryCode/include_juce_data_structures.mm"; sourceTree = "SOURCE_ROOT"; };
		2C6B55DFE7B6F1D046433AB5 = {isa = PBXFileReference; lastKnownFileType = file; name = "juce_gui_extra"; path = "/Users/amoghmatt/Documents/JUCE/modules/juce_gui_extra"; sourceTree = "<absolute>"; };
		2EA0F1A35F156E54AF3F4503 = {isa = PBXFileReference; lastKnownFileType = file; name = "juce_events"; path = "/Users/amoghmatt/Documents/JUCE/modules/juce_events"; sourceTree = "<absolute>"; };
		320B7DE3463670DB7A03DB55 = {isa = PBXFileReference; lastKnownFileType = sourcecode.c.h; name = PluginProcessor.h; path = ../../Source/PluginProcessor.h; sourceTree = "SOURCE_ROOT"; };
		33C7E5844975DCABC665B228 = {isa = PBXFileReference; lastKnownFileType = file; name = "juce_audio_devices"; path = "/Users/amoghmatt/Documents/JUCE/modules/juce_audio_devices"; sourceTree = "<absolute>"; };
		34E22668D979E996526D93E9 = {isa = PBXFileReference; lastKnownFileType = sourcecode.cpp.objcpp; name = "include_juce_core.mm"; path = "../../JuceLibraryCode/include_juce_core.mm"; sourceTree = "SOURCE_ROOT"; };
		360695BE84640771CBBD317A = {isa = PBXFileReference; lastKnownFileType = file; name = "juce_audio_formats"; path = "/Users/amoghmatt/Documents/JUCE/modules/juce_audio_formats"; sourceTree = "<absolute>"; };
		3670E499A14A459497DC1D73 = {isa = PBXFileReference; lastKnownFileType = sourcecode.c.h; name = Compressor.h; path = ../../Source/Compressor.h; sourceTree = "SOURCE_ROOT"; };
		392279A9A725543258440011 = {isa = PBXFileReference; lastKnownFileType = sourcecode.c.h; name = JuceHeader.h; path = ../../JuceLibraryCode/JuceHeader.h; sourceTree = "SOURCE_ROOT"; };
		4922380893EFA248F3317179 = {isa = PBXFileReference; lastKnownFileType = sourcecode.cpp.objcpp; name = "include_juce_opengl.mm"; path = "../../JuceLibraryCode/include_juce_opengl.mm"; sourceTree = "SOURCE_ROOT"; };
		4953A66C98C1680D1E94AC16 = {isa = PBXFileReference; lastKnownFileType = wrapper.framework; name = IOKit.framework; path = System/Library/Frameworks/IOKit.framework; sourceTree = SDKROOT; };
		4B66EE1FC8D69D7D647CE5A7 = {isa = PBXFileReference; lastKnownFileType = file.r; name = "include_juce_audio_plugin_client_AU.r"; path = "../../JuceLibraryCode/include_juce_audio_plugin_client_AU.r"; sourceTree = "SOURCE_ROOT"; };
		4BBFEAB242E618DE3412608D = {isa = PBXFileReference; lastKnownFileType = file; name = "juce_audio_basics"; path = "/Users/amoghmatt/Documents/JUCE/modules/juce_audio_basics"; sourceTree = "<absolute>"; };
		4C414C7C58A70D6584E9A1ED = {isa = PBXFileReference; lastKnownFileType = wrapper.framework; name = Cocoa.framework; path = System/Library/Frameworks/Cocoa.framework; sourceTree = SDKROOT; };
		4D46401CE47C292F50FF7878 = {isa = PBXFileReference; lastKnownFileType = text.plist.xml; name = "Info-Standalone_Plugin.plist"; path = "Info-Standalone_Plugin.plist"; sourceTree = "SOURCE_ROOT"; };
		51373F7A00AC69D2671899BC = {isa = PBXFileReference; lastKnownFileType = wrapper.framework; name = OpenGL.framework; path = System/Library/Frameworks/OpenGL.framework; sourceTree = SDKROOT; };
		604C0494AB8D24F59ABAAE86 = {isa = PBXFileReference; lastKnownFileType = wrapper.framework; name = AVKit.framework; path = System/Library/Frameworks/AVKit.framework; sourceTree = SDKROOT; };
		72AB0E553042E7D8BB112ADF = {isa = PBXFileReference; lastKnownFileType = wrapper.framework; name = AudioUnit.framework; path = System/Library/Frameworks/AudioUnit.framework; sourceTree = SDKROOT; };
		8227DC7435BBC1F1B6921865 = {isa = PBXFileReference; lastKnownFileType = sourcecode.cpp.objcpp; name = "include_juce_audio_utils.mm"; path = "../../JuceLibraryCode/include_juce_audio_utils.mm"; sourceTree = "SOURCE_ROOT"; };
		AA2341E8FE13816E99E853F2 = {isa = PBXFileReference; explicitFileType = wrapper.cfbundle; includeInIndex = 0; path = MultiBandCompressor.vst; sourceTree = "BUILT_PRODUCTS_DIR"; };
		35AB8BF1749E2E488B2DB2CD = {isa = PBXFileReference; explicitFileType = wrapper.cfbundle; includeInIndex = 0; path = MultiBandCompressor.component; sourceTree = "BUILT_PRODUCTS_DIR"; };
		747DAA6D08C2565A6127DB09 = {isa = PBXFileReference; lastKnownFileType = wrapper.framework; name = Carbon.framework; path = System/Library/Frameworks/Carbon.framework; sourceTree = SDKROOT; };
		7641323E0ABDE4CE01D78A85 = {isa = PBXFileReference; lastKnownFileType = wrapper.framework; name = AVFoundation.framework; path = System/Library/Frameworks/AVFoundation.framework; sourceTree = SDKROOT; };
		766580C14870980560C8D2D6 = {isa = PBXFileReference; lastKnownFileType = sourcecode.c.h; name = PluginEditor.h; path = ../../Source/PluginEditor.h; sourceTree = "SOURCE_ROOT"; };
		76D0E592C843E162EF185354 = {isa = PBXFileReference; lastKnownFileType = file; name = "juce_video"; path = "/Users/amoghmatt/Documents/JUCE/modules/juce_video"; sourceTree = "<absolute>"; };
		81415B38EF3BD03371CDCDDA = {isa = PBXFileReference; lastKnownFileType = file; name = "juce_audio_plugin_client"; path = "/Users/amoghmatt/Documents/JUCE/modules/juce_audio_plugin_client"; sourceTree = "<absolute>"; };
		82D9B71F7304DF3DC054DE1E = {isa = PBXFileReference; lastKnownFileType = sourcecode.c.h; name = AppConfig.h; path = ../../JuceLibraryCode/AppConfig.h; sourceTree = "SOURCE_ROOT"; };
		849FC31155361CEC5DFDB3CD = {isa = PBXFileReference; lastKnownFileType = wrapper.framework; name = AudioToolbox.framework; path = System/Library/Frameworks/AudioToolbox.framework; sourceTree = SDKROOT; };
		91BC41A42E31F25B0BD38157 = {isa = PBXFileReference; lastKnownFileType = file.nib; name = RecentFilesMenuTemplate.nib; path = RecentFilesMenuTemplate.nib; sourceTree = "SOURCE_ROOT"; };
		93DA6B3237790E30D15F2C00 = {isa = PBXFileReference; lastKnownFileType = sourcecode.cpp.objcpp; name = "include_juce_gui_extra.mm"; path = "../../JuceLibraryCode/include_juce_gui_extra.mm"; sourceTree = "SOURCE_ROOT"; };
		95087C905335242F05F9E640 = {isa = PBXFileReference; lastKnownFileType = wrapper.framework; name = CoreAudio.framework; path = System/Library/Frameworks/CoreAudio.framework; sourceTree = SDKROOT; };
		988269CA86AC53F5EF556E42 = {isa = PBXFileReference; lastKnownFileType = sourcecode.cpp.cpp; name = "include_juce_audio_plugin_client_Standalone.cpp"; path = "../../JuceLibraryCode/include_juce_audio_plugin_client_Standalone.cpp"; sourceTree = "SOURCE_ROOT"; };
		998F27CB685E4FB92BD145DA = {isa = PBXFileReference; lastKnownFileType = sourcecode.cpp.cpp; name = PluginProcessor.cpp; path = ../../Source/PluginProcessor.cpp; sourceTree = "SOURCE_ROOT"; };
		9C487C0E41B10FBBFEDC07F7 = {isa = PBXFileReference; lastKnownFileType = file; name = "juce_audio_utils"; path = "/Users/amoghmatt/Documents/JUCE/modules/juce_audio_utils"; sourceTree = "<absolute>"; };
		9F83CA7EAC1204B7D38595F2 = {isa = PBXFileReference; lastKnownFileType = wrapper.framework; name = CoreAudioKit.framework; path = System/Library/Frameworks/CoreAudioKit.framework; sourceTree = SDKROOT; };
		A7C8D07A8991764D52D6D2FF = {isa = PBXFileReference; lastKnownFileType = sourcecode.cpp.cpp; name = Compressor.cpp; path = ../../Source/Compressor.cpp; sourceTree = "SOURCE_ROOT"; };
		A8A5F680CD21F87B19D9D089 = {isa = PBXFileReference; lastKnownFileType = file; name = "juce_data_structures"; path = "/Users/amoghmatt/Documents/JUCE/modules/juce_data_structures"; sourceTree = "<absolute>"; };
		AEAD23DCF07F9991171EB113 = {isa = PBXFileReference; lastKnownFileType = sourcecode.cpp.objcpp; name = "include_juce_audio_plugin_client_AU_2.mm"; path = "../../JuceLibraryCode/include_juce_audio_plugin_client_AU_2.mm"; sourceTree = "SOURCE_ROOT"; };
		B0B5573B8DE47D8EE76F9683 = {isa = PBXFileReference; lastKnownFileType = wrapper.framework; name = QuartzCore.framework; path = System/Library/Frameworks/QuartzCore.framework; sourceTree = SDKROOT; };
		B189305B3ED4FB17A9628DB8 = {isa = PBXFileReference; lastKnownFileType = sourcecode.cpp.objcpp; name = "include_juce_video.mm"; path = "../../JuceLibraryCode/include_juce_video.mm"; sourceTree = "SOURCE_ROOT"; };
		B2C7D6104680711D0D4C2DFD = {isa = PBXFileReference; lastKnownFileType = sourcecode.cpp.objcpp; name = "include_juce_gui_basics.mm"; path = "../../JuceLibraryCode/include_juce_gui_basics.mm"; sourceTree = "SOURCE_ROOT"; };
		B4B8E6A47EF7F1FA815E7876 = {isa = PBXFileReference; lastKnownFileType = file; name = "juce_opengl"; path = "/Users/amoghmatt/Documents/JUCE/modules/juce_opengl"; sourceTree = "<absolute>"; };
		B5FFD6CB838A7BF9418D29CE = {isa = PBXFileReference; lastKnownFileType = sourcecode.cpp.objcpp; name = "include_juce_cryptography.mm"; path = "../../JuceLibraryCode/include_juce_cryptography.mm"; sourceTree = "SOURCE_ROOT"; };
		B6E9F189CE60DFB4A1F519E5 = {isa = PBXFileReference; lastKnownFileType = sourcecode.cpp.cpp; name = "include_juce_audio_plugin_client_VST2.cpp"; path = "../../JuceLibraryCode/include_juce_audio_plugin_client_VST2.cpp"; sourceTree = "SOURCE_ROOT"; };
		B9EAAF970400E7028FB116F2 = {isa = PBXFileReference; lastKnownFileType = sourcecode.cpp.objcpp; name = "include_juce_audio_devices.mm"; path = "../../JuceLibraryCode/include_juce_audio_devices.mm"; sourceTree = "SOURCE_ROOT"; };
		BCDE236782D2167449555DAA = {isa = PBXFileReference; lastKnownFileType = file; name = "juce_graphics"; path = "/Users/amoghmatt/Documents/JUCE/modules/juce_graphics"; sourceTree = "<absolute>"; };
		C5C281FE66D51CC06722BDDC = {isa = PBXFileReference; lastKnownFileType = file; name = "juce_core"; path = "/Users/amoghmatt/Documents/JUCE/modules/juce_core"; sourceTree = "<absolute>"; };
		C671384FDE898516A9E149C9 = {isa = PBXFileReference; lastKnownFileType = sourcecode.cpp.cpp; name = "include_juce_audio_plugin_client_utils.cpp"; path = "../../JuceLibraryCode/include_juce_audio_plugin_client_utils.cpp"; sourceTree = "SOURCE_ROOT"; };
		CB86834ADF2F7E4D2A2DBBF2 = {isa = PBXFileReference; explicitFileType = wrapper.application; includeInIndex = 0; path = MultiBandCompressor.app; sourceTree = "BUILT_PRODUCTS_DIR"; };
		B46AB877C67D118CE963E6C6 = {isa = PBXFileReference; explicitFileType = archive.ar; includeInIndex = 0; path = libMultiBandCompressor.a; sourceTree = "BUILT_PRODUCTS_DIR"; };
		D3B4D1A0D05BC27C9801486B = {isa = PBXFileReference; lastKnownFileType = sourcecode.cpp.objcpp; name = "include_juce_graphics.mm"; path = "../../JuceLibraryCode/include_juce_graphics.mm"; sourceTree = "SOURCE_ROOT"; };
		D4BAC1E136A2D319BA99E7B4 = {isa = PBXFileReference; lastKnownFileType = sourcecode.cpp.objcpp; name = "include_juce_audio_processors.mm"; path = "../../JuceLibraryCode/include_juce_audio_processors.mm"; sourceTree = "SOURCE_ROOT"; };
		D65CC00C565FD24F5CCA3C04 = {isa = PBXFileReference; lastKnownFileType = text.plist.xml; name = "Info-AU.plist"; path = "Info-AU.plist"; sourceTree = "SOURCE_ROOT"; };
		E4489A7FF398DA6027C8D927 = {isa = PBXFileReference; lastKnownFileType = sourcecode.cpp.objcpp; name = "include_juce_events.mm"; path = "../../JuceLibraryCode/include_juce_events.mm"; sourceTree = "SOURCE_ROOT"; };
		E945AFAB9D610773150EF47C = {isa = PBXFileReference; lastKnownFileType = wrapper.framework; name = WebKit.framework; path = System/Library/Frameworks/WebKit.framework; sourceTree = SDKROOT; };
		E9B30517698CC6926157BA10 = {isa = PBXFileReference; lastKnownFileType = sourcecode.cpp.cpp; name = PluginEditor.cpp; path = ../../Source/PluginEditor.cpp; sourceTree = "SOURCE_ROOT"; };
		EE38ECEE474F81BB05EDBBA3 = {isa = PBXFileReference; lastKnownFileType = sourcecode.cpp.objcpp; name = "include_juce_audio_plugin_client_AU_1.mm"; path = "../../JuceLibraryCode/include_juce_audio_plugin_client_AU_1.mm"; sourceTree = "SOURCE_ROOT"; };
		F31943CD3B4410254B1CC77D = {isa = PBXFileReference; lastKnownFileType = wrapper.framework; name = CoreMedia.framework; path = System/Library/Frameworks/CoreMedia.framework; sourceTree = SDKROOT; };
		F36463BCA80C55BD98A99847 = {isa = PBXFileReference; lastKnownFileType = wrapper.framework; name = DiscRecording.framework; path = System/Library/Frameworks/DiscRecording.framework; sourceTree = SDKROOT; };
		F4992F1240D25F612490200F = {isa = PBXFileReference; lastKnownFileType = file; name = "juce_gui_basics"; path = "/Users/amoghmatt/Documents/JUCE/modules/juce_gui_basics"; sourceTree = "<absolute>"; };
		FCA4C47969DD900996BBE973 = {isa = PBXFileReference; lastKnownFileType = file; name = "juce_audio_processors"; path = "/Users/amoghmatt/Documents/JUCE/modules/juce_audio_processors"; sourceTree = "<absolute>"; };
		FE8FBF14C660096C3556D553 = {isa = PBXFileReference; lastKnownFileType = sourcecode.cpp.objcpp; name = "include_juce_audio_basics.mm"; path = "../../JuceLibraryCode/include_juce_audio_basics.mm"; sourceTree = "SOURCE_ROOT"; };
		641F118C7408651664728340 = {isa = PBXGroup; children = (
					A7C8D07A8991764D52D6D2FF,
					3670E499A14A459497DC1D73,
					998F27CB685E4FB92BD145DA,
					320B7DE3463670DB7A03DB55,
					E9B30517698CC6926157BA10,
					766580C14870980560C8D2D6, ); name = Source; sourceTree = "<group>"; };
		D16BBB1E8BFCEB8A0A034599 = {isa = PBXGroup; children = (
					641F118C7408651664728340, ); name = MultiBandCompressor; sourceTree = "<group>"; };
		17E6CCC48407D81A39E2F028 = {isa = PBXGroup; children = (
					4BBFEAB242E618DE3412608D,
					33C7E5844975DCABC665B228,
					360695BE84640771CBBD317A,
					81415B38EF3BD03371CDCDDA,
					FCA4C47969DD900996BBE973,
					9C487C0E41B10FBBFEDC07F7,
					C5C281FE66D51CC06722BDDC,
					0931202003A782297957CA2D,
					A8A5F680CD21F87B19D9D089,
					2EA0F1A35F156E54AF3F4503,
					BCDE236782D2167449555DAA,
					F4992F1240D25F612490200F,
					2C6B55DFE7B6F1D046433AB5,
					B4B8E6A47EF7F1FA815E7876,
					76D0E592C843E162EF185354, ); name = "JUCE Modules"; sourceTree = "<group>"; };
		002F9A674D0E78371E50DEF6 = {isa = PBXGroup; children = (
					82D9B71F7304DF3DC054DE1E,
					FE8FBF14C660096C3556D553,
					B9EAAF970400E7028FB116F2,
					17432C25A1ADC864EEBA20F5,
					4B66EE1FC8D69D7D647CE5A7,
					EE38ECEE474F81BB05EDBBA3,
					AEAD23DCF07F9991171EB113,
					988269CA86AC53F5EF556E42,
					C671384FDE898516A9E149C9,
					1FDAEDB82F5BFB0443B26C76,
					B6E9F189CE60DFB4A1F519E5,
					D4BAC1E136A2D319BA99E7B4,
					8227DC7435BBC1F1B6921865,
					34E22668D979E996526D93E9,
					B5FFD6CB838A7BF9418D29CE,
					2835F9D2B68ACDD7C265E20D,
					E4489A7FF398DA6027C8D927,
					D3B4D1A0D05BC27C9801486B,
					B2C7D6104680711D0D4C2DFD,
					93DA6B3237790E30D15F2C00,
					4922380893EFA248F3317179,
					B189305B3ED4FB17A9628DB8,
					392279A9A725543258440011, ); name = "JUCE Library Code"; sourceTree = "<group>"; };
		DE7C53DD70260E7A5F9554B7 = {isa = PBXGroup; children = (
					00DD722F494C67DDE490ACEC,
					D65CC00C565FD24F5CCA3C04,
					4D46401CE47C292F50FF7878,
					91BC41A42E31F25B0BD38157, ); name = Resources; sourceTree = "<group>"; };
		0A38790106533D89F2CC8C12 = {isa = PBXGroup; children = (
					1B0AA4DF881431D29DCCFB82,
					849FC31155361CEC5DFDB3CD,
					72AB0E553042E7D8BB112ADF,
					7641323E0ABDE4CE01D78A85,
					604C0494AB8D24F59ABAAE86,
					747DAA6D08C2565A6127DB09,
					4C414C7C58A70D6584E9A1ED,
					95087C905335242F05F9E640,
					9F83CA7EAC1204B7D38595F2,
					F31943CD3B4410254B1CC77D,
					126687E695464AAD8CBC3E9D,
					F36463BCA80C55BD98A99847,
					4953A66C98C1680D1E94AC16,
					51373F7A00AC69D2671899BC,
					B0B5573B8DE47D8EE76F9683,
					E945AFAB9D610773150EF47C, ); name = Frameworks; sourceTree = "<group>"; };
		2C9BA0A58EDEB769F58EB6C6 = {isa = PBXGroup; children = (
					AA2341E8FE13816E99E853F2,
					35AB8BF1749E2E488B2DB2CD,
					CB86834ADF2F7E4D2A2DBBF2,
					B46AB877C67D118CE963E6C6, ); name = Products; sourceTree = "<group>"; };
		399FE3B5ED36E9970932E62B = {isa = PBXGroup; children = (
					09428C2482462542C18AB4B1,
					D16BBB1E8BFCEB8A0A034599,
					17E6CCC48407D81A39E2F028,
					002F9A674D0E78371E50DEF6,
					DE7C53DD70260E7A5F9554B7,
					0A38790106533D89F2CC8C12,
					2C9BA0A58EDEB769F58EB6C6, ); name = Source; sourceTree = "<group>"; };
		119FE6CBEB09E3959DCD473C = {isa = XCBuildConfiguration; buildSettings = {
				MACOSX_DEPLOYMENT_TARGET = 10.11; }; name = Debug; };
		05F3E7D73268F5CACDFE3D98 = {isa = XCBuildConfiguration; buildSettings = {
				MACOSX_DEPLOYMENT_TARGET = 10.11; }; name = Release; };
		4FB10176161656FCE1128A1D = {isa = XCBuildConfiguration; buildSettings = {
				CLANG_CXX_LANGUAGE_STANDARD = "c++11";
				CLANG_LINK_OBJC_RUNTIME = NO;
				COMBINE_HIDPI_IMAGES = YES;
				CONFIGURATION_BUILD_DIR = "$(PROJECT_DIR)/build/$(CONFIGURATION)";
				COPY_PHASE_STRIP = NO;
				DEPLOYMENT_LOCATION = YES;
				DSTROOT = /;
				GCC_DYNAMIC_NO_PIC = NO;
				GCC_OPTIMIZATION_LEVEL = 0;
				GCC_PREPROCESSOR_DEFINITIONS = (
					"_DEBUG=1",
					"DEBUG=1",
					"JUCER_XCODE_MAC_F6D2F4CF=1",
					"JUCE_APP_VERSION=1.0.0",
					"JUCE_APP_VERSION_HEX=0x10000",
					"JucePlugin_Build_VST=1",
					"JucePlugin_Build_VST3=0",
					"JucePlugin_Build_AU=0",
					"JucePlugin_Build_AUv3=0",
					"JucePlugin_Build_RTAS=0",
					"JucePlugin_Build_AAX=0",
					"JucePlugin_Build_Standalone=0", );
				GCC_VERSION = com.apple.compilers.llvm.clang.1_0;
				GENERATE_PKGINFO_FILE = YES;
				HEADER_SEARCH_PATHS = ("../../JuceLibraryCode", "/Users/amoghmatt/Documents/JUCE/modules", "/Users/amoghmatt/Documents/JUCE/modules/juce_audio_plugin_client", "$(inherited)");
				INFOPLIST_FILE = Info-VST.plist;
				INFOPLIST_PREPROCESS = NO;
				INSTALL_PATH = "$(HOME)/Library/Audio/Plug-Ins/VST/";
				LIBRARY_STYLE = Bundle;
				MACOSX_DEPLOYMENT_TARGET = 10.11;
				MACOSX_DEPLOYMENT_TARGET_ppc = 10.4;
				OTHER_LDFLAGS = "-bundle -lMultiBandCompressor";
				PRODUCT_BUNDLE_IDENTIFIER = com.amoghmatt.MultiBandCompressor;
				SDKROOT_ppc = macosx10.5;
				USE_HEADERMAP = NO;
				WRAPPER_EXTENSION = vst; }; name = Debug; };
		BEF65218A289932A5E052576 = {isa = XCBuildConfiguration; buildSettings = {
				CLANG_CXX_LANGUAGE_STANDARD = "c++11";
				CLANG_LINK_OBJC_RUNTIME = NO;
				COMBINE_HIDPI_IMAGES = YES;
				CONFIGURATION_BUILD_DIR = "$(PROJECT_DIR)/build/$(CONFIGURATION)";
				DEAD_CODE_STRIPPING = YES;
				DEPLOYMENT_LOCATION = YES;
				DSTROOT = /;
				GCC_GENERATE_DEBUGGING_SYMBOLS = NO;
				GCC_OPTIMIZATION_LEVEL = 3;
				GCC_PREPROCESSOR_DEFINITIONS = (
					"_NDEBUG=1",
					"NDEBUG=1",
					"JUCER_XCODE_MAC_F6D2F4CF=1",
					"JUCE_APP_VERSION=1.0.0",
					"JUCE_APP_VERSION_HEX=0x10000",
					"JucePlugin_Build_VST=1",
					"JucePlugin_Build_VST3=0",
					"JucePlugin_Build_AU=0",
					"JucePlugin_Build_AUv3=0",
					"JucePlugin_Build_RTAS=0",
					"JucePlugin_Build_AAX=0",
					"JucePlugin_Build_Standalone=0", );
				GCC_SYMBOLS_PRIVATE_EXTERN = YES;
				GCC_VERSION = com.apple.compilers.llvm.clang.1_0;
				GENERATE_PKGINFO_FILE = YES;
				HEADER_SEARCH_PATHS = ("../../JuceLibraryCode", "/Users/amoghmatt/Documents/JUCE/modules", "/Users/amoghmatt/Documents/JUCE/modules/juce_audio_plugin_client", "$(inherited)");
				INFOPLIST_FILE = Info-VST.plist;
				INFOPLIST_PREPROCESS = NO;
				INSTALL_PATH = "$(HOME)/Library/Audio/Plug-Ins/VST/";
				LIBRARY_STYLE = Bundle;
				LLVM_LTO = YES;
				MACOSX_DEPLOYMENT_TARGET = 10.11;
				MACOSX_DEPLOYMENT_TARGET_ppc = 10.4;
				OTHER_LDFLAGS = "-bundle -lMultiBandCompressor";
				PRODUCT_BUNDLE_IDENTIFIER = com.amoghmatt.MultiBandCompressor;
				SDKROOT_ppc = macosx10.5;
				USE_HEADERMAP = NO;
				WRAPPER_EXTENSION = vst; }; name = Release; };
		88FB4879839A8A29C26B0E51 = {isa = XCBuildConfiguration; buildSettings = {
				CLANG_CXX_LANGUAGE_STANDARD = "c++11";
				CLANG_LINK_OBJC_RUNTIME = NO;
				COMBINE_HIDPI_IMAGES = YES;
				CONFIGURATION_BUILD_DIR = "$(PROJECT_DIR)/build/$(CONFIGURATION)";
				COPY_PHASE_STRIP = NO;
				DEPLOYMENT_LOCATION = YES;
				DSTROOT = /;
				GCC_DYNAMIC_NO_PIC = NO;
				GCC_OPTIMIZATION_LEVEL = 0;
				GCC_PREPROCESSOR_DEFINITIONS = (
					"_DEBUG=1",
					"DEBUG=1",
					"JUCER_XCODE_MAC_F6D2F4CF=1",
					"JUCE_APP_VERSION=1.0.0",
					"JUCE_APP_VERSION_HEX=0x10000",
					"JucePlugin_Build_VST=0",
					"JucePlugin_Build_VST3=0",
					"JucePlugin_Build_AU=1",
					"JucePlugin_Build_AUv3=0",
					"JucePlugin_Build_RTAS=0",
					"JucePlugin_Build_AAX=0",
					"JucePlugin_Build_Standalone=0", );
				GCC_VERSION = com.apple.compilers.llvm.clang.1_0;
				GENERATE_PKGINFO_FILE = YES;
				HEADER_SEARCH_PATHS = ("../../JuceLibraryCode", "/Users/amoghmatt/Documents/JUCE/modules", "/Users/amoghmatt/Documents/JUCE/modules/juce_audio_plugin_client", "$(inherited)");
				INFOPLIST_FILE = Info-AU.plist;
				INFOPLIST_PREPROCESS = NO;
				INSTALL_PATH = "$(HOME)/Library/Audio/Plug-Ins/Components/";
				LIBRARY_STYLE = Bundle;
				MACOSX_DEPLOYMENT_TARGET = 10.11;
				MACOSX_DEPLOYMENT_TARGET_ppc = 10.4;
				OTHER_LDFLAGS = "-bundle -lMultiBandCompressor";
				OTHER_REZFLAGS = "-d ppc_$ppc -d i386_$i386 -d ppc64_$ppc64 -d x86_64_$x86_64 -I /System/Library/Frameworks/CoreServices.framework/Frameworks/CarbonCore.framework/Versions/A/Headers -I \"$(DEVELOPER_DIR)/Extras/CoreAudio/AudioUnits/AUPublic/AUBase\"";
				PRODUCT_BUNDLE_IDENTIFIER = com.amoghmatt.MultiBandCompressor;
				SDKROOT_ppc = macosx10.5;
				USE_HEADERMAP = NO;
				WRAPPER_EXTENSION = component; }; name = Debug; };
		EDD974CBB21F858AE46EB06F = {isa = XCBuildConfiguration; buildSettings = {
				CLANG_CXX_LANGUAGE_STANDARD = "c++11";
				CLANG_LINK_OBJC_RUNTIME = NO;
				COMBINE_HIDPI_IMAGES = YES;
				CONFIGURATION_BUILD_DIR = "$(PROJECT_DIR)/build/$(CONFIGURATION)";
				DEAD_CODE_STRIPPING = YES;
				DEPLOYMENT_LOCATION = YES;
				DSTROOT = /;
				GCC_GENERATE_DEBUGGING_SYMBOLS = NO;
				GCC_OPTIMIZATION_LEVEL = 3;
				GCC_PREPROCESSOR_DEFINITIONS = (
					"_NDEBUG=1",
					"NDEBUG=1",
					"JUCER_XCODE_MAC_F6D2F4CF=1",
					"JUCE_APP_VERSION=1.0.0",
					"JUCE_APP_VERSION_HEX=0x10000",
					"JucePlugin_Build_VST=0",
					"JucePlugin_Build_VST3=0",
					"JucePlugin_Build_AU=1",
					"JucePlugin_Build_AUv3=0",
					"JucePlugin_Build_RTAS=0",
					"JucePlugin_Build_AAX=0",
					"JucePlugin_Build_Standalone=0", );
				GCC_SYMBOLS_PRIVATE_EXTERN = YES;
				GCC_VERSION = com.apple.compilers.llvm.clang.1_0;
				GENERATE_PKGINFO_FILE = YES;
				HEADER_SEARCH_PATHS = ("../../JuceLibraryCode", "/Users/amoghmatt/Documents/JUCE/modules", "/Users/amoghmatt/Documents/JUCE/modules/juce_audio_plugin_client", "$(inherited)");
				INFOPLIST_FILE = Info-AU.plist;
				INFOPLIST_PREPROCESS = NO;
				INSTALL_PATH = "$(HOME)/Library/Audio/Plug-Ins/Components/";
				LIBRARY_STYLE = Bundle;
				LLVM_LTO = YES;
				MACOSX_DEPLOYMENT_TARGET = 10.11;
				MACOSX_DEPLOYMENT_TARGET_ppc = 10.4;
				OTHER_LDFLAGS = "-bundle -lMultiBandCompressor";
				OTHER_REZFLAGS = "-d ppc_$ppc -d i386_$i386 -d ppc64_$ppc64 -d x86_64_$x86_64 -I /System/Library/Frameworks/CoreServices.framework/Frameworks/CarbonCore.framework/Versions/A/Headers -I \"$(DEVELOPER_DIR)/Extras/CoreAudio/AudioUnits/AUPublic/AUBase\"";
				PRODUCT_BUNDLE_IDENTIFIER = com.amoghmatt.MultiBandCompressor;
				SDKROOT_ppc = macosx10.5;
				USE_HEADERMAP = NO;
				WRAPPER_EXTENSION = component; }; name = Release; };
		9AC35854B7619241AD3BE602 = {isa = XCBuildConfiguration; buildSettings = {
				CLANG_CXX_LANGUAGE_STANDARD = "c++11";
				CLANG_LINK_OBJC_RUNTIME = NO;
				COMBINE_HIDPI_IMAGES = YES;
				CONFIGURATION_BUILD_DIR = "$(PROJECT_DIR)/build/$(CONFIGURATION)";
				COPY_PHASE_STRIP = NO;
				GCC_DYNAMIC_NO_PIC = NO;
				GCC_OPTIMIZATION_LEVEL = 0;
				GCC_PREPROCESSOR_DEFINITIONS = (
					"_DEBUG=1",
					"DEBUG=1",
					"JUCER_XCODE_MAC_F6D2F4CF=1",
					"JUCE_APP_VERSION=1.0.0",
					"JUCE_APP_VERSION_HEX=0x10000",
					"JucePlugin_Build_VST=0",
					"JucePlugin_Build_VST3=0",
					"JucePlugin_Build_AU=0",
					"JucePlugin_Build_AUv3=0",
					"JucePlugin_Build_RTAS=0",
					"JucePlugin_Build_AAX=0",
					"JucePlugin_Build_Standalone=1", );
				GCC_VERSION = com.apple.compilers.llvm.clang.1_0;
				HEADER_SEARCH_PATHS = ("../../JuceLibraryCode", "/Users/amoghmatt/Documents/JUCE/modules", "/Users/amoghmatt/Documents/JUCE/modules/juce_audio_plugin_client", "$(inherited)");
				INFOPLIST_FILE = Info-Standalone_Plugin.plist;
				INFOPLIST_PREPROCESS = NO;
				MACOSX_DEPLOYMENT_TARGET = 10.11;
				MACOSX_DEPLOYMENT_TARGET_ppc = 10.4;
				OTHER_LDFLAGS = "-lMultiBandCompressor";
				PRODUCT_BUNDLE_IDENTIFIER = com.amoghmatt.MultiBandCompressor;
				SDKROOT_ppc = macosx10.5;
				USE_HEADERMAP = NO; }; name = Debug; };
		EEB37FDC49678DE8BB342879 = {isa = XCBuildConfiguration; buildSettings = {
				CLANG_CXX_LANGUAGE_STANDARD = "c++11";
				CLANG_LINK_OBJC_RUNTIME = NO;
				COMBINE_HIDPI_IMAGES = YES;
				CONFIGURATION_BUILD_DIR = "$(PROJECT_DIR)/build/$(CONFIGURATION)";
				DEAD_CODE_STRIPPING = YES;
				GCC_GENERATE_DEBUGGING_SYMBOLS = NO;
				GCC_OPTIMIZATION_LEVEL = 3;
				GCC_PREPROCESSOR_DEFINITIONS = (
					"_NDEBUG=1",
					"NDEBUG=1",
					"JUCER_XCODE_MAC_F6D2F4CF=1",
					"JUCE_APP_VERSION=1.0.0",
					"JUCE_APP_VERSION_HEX=0x10000",
					"JucePlugin_Build_VST=0",
					"JucePlugin_Build_VST3=0",
					"JucePlugin_Build_AU=0",
					"JucePlugin_Build_AUv3=0",
					"JucePlugin_Build_RTAS=0",
					"JucePlugin_Build_AAX=0",
					"JucePlugin_Build_Standalone=1", );
				GCC_SYMBOLS_PRIVATE_EXTERN = YES;
				GCC_VERSION = com.apple.compilers.llvm.clang.1_0;
				HEADER_SEARCH_PATHS = ("../../JuceLibraryCode", "/Users/amoghmatt/Documents/JUCE/modules", "/Users/amoghmatt/Documents/JUCE/modules/juce_audio_plugin_client", "$(inherited)");
				INFOPLIST_FILE = Info-Standalone_Plugin.plist;
				INFOPLIST_PREPROCESS = NO;
				LLVM_LTO = YES;
				MACOSX_DEPLOYMENT_TARGET = 10.11;
				MACOSX_DEPLOYMENT_TARGET_ppc = 10.4;
				OTHER_LDFLAGS = "-lMultiBandCompressor";
				PRODUCT_BUNDLE_IDENTIFIER = com.amoghmatt.MultiBandCompressor;
				SDKROOT_ppc = macosx10.5;
				USE_HEADERMAP = NO; }; name = Release; };
		917C69A2EF26CC9C8D8049A2 = {isa = XCBuildConfiguration; buildSettings = {
				CLANG_CXX_LANGUAGE_STANDARD = "c++11";
				CLANG_LINK_OBJC_RUNTIME = NO;
				COMBINE_HIDPI_IMAGES = YES;
				CONFIGURATION_BUILD_DIR = "$(PROJECT_DIR)/build/$(CONFIGURATION)";
				COPY_PHASE_STRIP = NO;
				GCC_DYNAMIC_NO_PIC = NO;
				GCC_OPTIMIZATION_LEVEL = 0;
				GCC_PREPROCESSOR_DEFINITIONS = (
					"_DEBUG=1",
					"DEBUG=1",
					"JUCER_XCODE_MAC_F6D2F4CF=1",
					"JUCE_APP_VERSION=1.0.0",
					"JUCE_APP_VERSION_HEX=0x10000",
					"JucePlugin_Build_VST=1",
					"JucePlugin_Build_VST3=0",
					"JucePlugin_Build_AU=1",
					"JucePlugin_Build_AUv3=0",
					"JucePlugin_Build_RTAS=0",
					"JucePlugin_Build_AAX=0",
					"JucePlugin_Build_Standalone=1",
					"JUCE_SHARED_CODE=1", );
				GCC_VERSION = com.apple.compilers.llvm.clang.1_0;
				HEADER_SEARCH_PATHS = ("../../JuceLibraryCode", "/Users/amoghmatt/Documents/JUCE/modules", "/Users/amoghmatt/Documents/JUCE/modules/juce_audio_plugin_client", "$(inherited)");
				INSTALL_PATH = "@executable_path/../Frameworks";
				MACOSX_DEPLOYMENT_TARGET = 10.11;
				MACOSX_DEPLOYMENT_TARGET_ppc = 10.4;
				PRODUCT_BUNDLE_IDENTIFIER = com.amoghmatt.MultiBandCompressor;
				SDKROOT_ppc = macosx10.5;
				USE_HEADERMAP = NO; }; name = Debug; };
		D34978E5A5E372603D51027F = {isa = XCBuildConfiguration; buildSettings = {
				CLANG_CXX_LANGUAGE_STANDARD = "c++11";
				CLANG_LINK_OBJC_RUNTIME = NO;
				COMBINE_HIDPI_IMAGES = YES;
				CONFIGURATION_BUILD_DIR = "$(PROJECT_DIR)/build/$(CONFIGURATION)";
				DEAD_CODE_STRIPPING = YES;
				GCC_GENERATE_DEBUGGING_SYMBOLS = NO;
				GCC_OPTIMIZATION_LEVEL = 3;
				GCC_PREPROCESSOR_DEFINITIONS = (
					"_NDEBUG=1",
					"NDEBUG=1",
					"JUCER_XCODE_MAC_F6D2F4CF=1",
					"JUCE_APP_VERSION=1.0.0",
					"JUCE_APP_VERSION_HEX=0x10000",
					"JucePlugin_Build_VST=1",
					"JucePlugin_Build_VST3=0",
					"JucePlugin_Build_AU=1",
					"JucePlugin_Build_AUv3=0",
					"JucePlugin_Build_RTAS=0",
					"JucePlugin_Build_AAX=0",
					"JucePlugin_Build_Standalone=1",
					"JUCE_SHARED_CODE=1", );
				GCC_SYMBOLS_PRIVATE_EXTERN = YES;
				GCC_VERSION = com.apple.compilers.llvm.clang.1_0;
				HEADER_SEARCH_PATHS = ("../../JuceLibraryCode", "/Users/amoghmatt/Documents/JUCE/modules", "/Users/amoghmatt/Documents/JUCE/modules/juce_audio_plugin_client", "$(inherited)");
				INSTALL_PATH = "@executable_path/../Frameworks";
				LLVM_LTO = YES;
				MACOSX_DEPLOYMENT_TARGET = 10.11;
				MACOSX_DEPLOYMENT_TARGET_ppc = 10.4;
				PRODUCT_BUNDLE_IDENTIFIER = com.amoghmatt.MultiBandCompressor;
				SDKROOT_ppc = macosx10.5;
				USE_HEADERMAP = NO; }; name = Release; };
		EEB250810EA6DB38E28B52D5 = {isa = XCBuildConfiguration; buildSettings = {
				ALWAYS_SEARCH_USER_PATHS = NO;
				CLANG_WARN_BLOCK_CAPTURE_AUTORELEASING = YES;
				CLANG_WARN_BOOL_CONVERSION = YES;
				CLANG_WARN_COMMA = YES;
				CLANG_WARN_CONSTANT_CONVERSION = YES;
				CLANG_WARN_EMPTY_BODY = YES;
				CLANG_WARN_ENUM_CONVERSION = YES;
				CLANG_WARN_INFINITE_RECURSION = YES;
				CLANG_WARN_INT_CONVERSION = YES;
				CLANG_WARN_NON_LITERAL_NULL_CONVERSION = YES;
				CLANG_WARN_OBJC_LITERAL_CONVERSION = YES;
				CLANG_WARN_RANGE_LOOP_ANALYSIS = YES;
				CLANG_WARN_STRICT_PROTOTYPES = YES;
				CLANG_WARN_SUSPICIOUS_MOVE = YES;
				CLANG_WARN_UNREACHABLE_CODE = YES;
				CLANG_WARN__DUPLICATE_METHOD_MATCH = YES;
				DEBUG_INFORMATION_FORMAT = "dwarf";
				ENABLE_STRICT_OBJC_MSGSEND = YES;
				ENABLE_TESTABILITY = YES;
				GCC_C_LANGUAGE_STANDARD = c11;
				GCC_INLINES_ARE_PRIVATE_EXTERN = YES;
				GCC_MODEL_TUNING = G5;
				GCC_NO_COMMON_BLOCKS = YES;
				GCC_WARN_64_TO_32_BIT_CONVERSION = YES;
				GCC_WARN_ABOUT_RETURN_TYPE = YES;
				GCC_WARN_CHECK_SWITCH_STATEMENTS = YES;
				GCC_WARN_MISSING_PARENTHESES = YES;
				GCC_WARN_NON_VIRTUAL_DESTRUCTOR = YES;
				GCC_WARN_TYPECHECK_CALLS_TO_PRINTF = YES;
				GCC_WARN_UNDECLARED_SELECTOR = YES;
				GCC_WARN_UNINITIALIZED_AUTOS = YES;
				GCC_WARN_UNUSED_FUNCTION = YES;
				GCC_WARN_UNUSED_VARIABLE = YES;
				ONLY_ACTIVE_ARCH = YES;
				PRODUCT_NAME = "MultiBandCompressor";
				WARNING_CFLAGS = -Wreorder;
				ZERO_LINK = NO; }; name = Debug; };
		875B0BFB4CD8D4A22A049FCB = {isa = XCBuildConfiguration; buildSettings = {
				ALWAYS_SEARCH_USER_PATHS = NO;
				CLANG_WARN_BLOCK_CAPTURE_AUTORELEASING = YES;
				CLANG_WARN_BOOL_CONVERSION = YES;
				CLANG_WARN_COMMA = YES;
				CLANG_WARN_CONSTANT_CONVERSION = YES;
				CLANG_WARN_EMPTY_BODY = YES;
				CLANG_WARN_ENUM_CONVERSION = YES;
				CLANG_WARN_INFINITE_RECURSION = YES;
				CLANG_WARN_INT_CONVERSION = YES;
				CLANG_WARN_NON_LITERAL_NULL_CONVERSION = YES;
				CLANG_WARN_OBJC_LITERAL_CONVERSION = YES;
				CLANG_WARN_RANGE_LOOP_ANALYSIS = YES;
				CLANG_WARN_STRICT_PROTOTYPES = YES;
				CLANG_WARN_SUSPICIOUS_MOVE = YES;
				CLANG_WARN_UNREACHABLE_CODE = YES;
				CLANG_WARN__DUPLICATE_METHOD_MATCH = YES;
				DEBUG_INFORMATION_FORMAT = "dwarf";
				ENABLE_STRICT_OBJC_MSGSEND = YES;
				GCC_C_LANGUAGE_STANDARD = c11;
				GCC_INLINES_ARE_PRIVATE_EXTERN = YES;
				GCC_MODEL_TUNING = G5;
				GCC_NO_COMMON_BLOCKS = YES;
				GCC_WARN_64_TO_32_BIT_CONVERSION = YES;
				GCC_WARN_ABOUT_RETURN_TYPE = YES;
				GCC_WARN_CHECK_SWITCH_STATEMENTS = YES;
				GCC_WARN_MISSING_PARENTHESES = YES;
				GCC_WARN_NON_VIRTUAL_DESTRUCTOR = YES;
				GCC_WARN_TYPECHECK_CALLS_TO_PRINTF = YES;
				GCC_WARN_UNDECLARED_SELECTOR = YES;
				GCC_WARN_UNINITIALIZED_AUTOS = YES;
				GCC_WARN_UNUSED_FUNCTION = YES;
				GCC_WARN_UNUSED_VARIABLE = YES;
				PRODUCT_NAME = "MultiBandCompressor";
				WARNING_CFLAGS = -Wreorder;
				ZERO_LINK = NO; }; name = Release; };
		AC5FD16C0D9C90FD99E377EB = {isa = PBXTargetDependency; target = E0BD61CDC109F24BEB679C09; };
		6C08F6AC6A41C94D605872F9 = {isa = PBXTargetDependency; target = 0FFA9EE62BA3FA16C6B5D119; };
		1B6B14331A6D1947A8E53327 = {isa = PBXTargetDependency; target = 580336735600EE9483869597; };
		485C8E0CA0070952DE29E087 = {isa = PBXTargetDependency; target = DD3C5816F2EA7012AC6A77A3; };
		328C07F5780E6AD3CC0D9079 = {isa = XCConfigurationList; buildConfigurations = (
					EEB250810EA6DB38E28B52D5,
					875B0BFB4CD8D4A22A049FCB, ); defaultConfigurationIsVisible = 0; defaultConfigurationName = Debug; };
		1F710DBFAA036800A488D1CA = {isa = XCConfigurationList; buildConfigurations = (
					119FE6CBEB09E3959DCD473C,
					05F3E7D73268F5CACDFE3D98, ); defaultConfigurationIsVisible = 0; defaultConfigurationName = Debug; };
		8348317D2800D3F102BA331D = {isa = PBXAggregateTarget; buildConfigurationList = 1F710DBFAA036800A488D1CA; buildPhases = (  ); buildRules = ( ); dependencies = (
					AC5FD16C0D9C90FD99E377EB,
					6C08F6AC6A41C94D605872F9,
					1B6B14331A6D1947A8E53327,
					485C8E0CA0070952DE29E087, ); name = "MultiBandCompressor - All"; productName = MultiBandCompressor; };
		A656F1EC72259D9B757EE336 = {isa = XCConfigurationList; buildConfigurations = (
					4FB10176161656FCE1128A1D,
					BEF65218A289932A5E052576, ); defaultConfigurationIsVisible = 0; defaultConfigurationName = Debug; };
		C85EA2D1B32FCF42C8895978 = {isa = PBXResourcesBuildPhase; buildActionMask = 2147483647; files = (
					E2FE199C987603828B92E660, ); runOnlyForDeploymentPostprocessing = 0; };
		300A33A0EADDE389A456EC19 = {isa = PBXSourcesBuildPhase; buildActionMask = 2147483647; files = (
					BBB3EAEA9320C903607BD73F, ); runOnlyForDeploymentPostprocessing = 0; };
		DA9E2BC91A91154CEC1E411B = {isa = PBXFrameworksBuildPhase; buildActionMask = 2147483647; files = (
					C2891250179E1606716D9CBD,
					E68344FC8DA1EF732F8208EC,
					1BF8C3E33568D309015F8AC2,
					C047106C9B1473EE04531BE2,
					7565FF7B601640017BAD9C27,
					0C846F9C68661F8585F33919,
					96D79467138C897636D258A5,
					F0A3D48E43B70338DEBA0C94,
					4D15F97DE128BD78FC8531A5,
					2425E550B4C814CF86916AC3,
					A11F7B73B81003EAC56C2223,
					640FA6D03B3D027F7EE36683,
					4DE811CC2688543B03EE5E30,
					3C39F55AB4E5490D3CC5E763, ); runOnlyForDeploymentPostprocessing = 0; };
		E0BD61CDC109F24BEB679C09 = {isa = PBXNativeTarget; buildConfigurationList = A656F1EC72259D9B757EE336; buildPhases = (
					C85EA2D1B32FCF42C8895978,
					300A33A0EADDE389A456EC19,
					DA9E2BC91A91154CEC1E411B, ); buildRules = ( ); dependencies = (
					485C8E0CA0070952DE29E087, ); name = "MultiBandCompressor - VST"; productName = MultiBandCompressor; productReference = AA2341E8FE13816E99E853F2; productType = "com.apple.product-type.bundle"; };
		9247D37E92ADEAF5D0CDB355 = {isa = XCConfigurationList; buildConfigurations = (
					88FB4879839A8A29C26B0E51,
					EDD974CBB21F858AE46EB06F, ); defaultConfigurationIsVisible = 0; defaultConfigurationName = Debug; };
		CA044D6177AD1314D422075F = {isa = PBXResourcesBuildPhase; buildActionMask = 2147483647; files = (
					E2FE199C987603828B92E660, ); runOnlyForDeploymentPostprocessing = 0; };
		FC5FA5F145CFE43DACFC458C = {isa = PBXRezBuildPhase; buildActionMask = 2147483647; files = (
					5E9501BA1A069E86D4B4B1D1, ); runOnlyForDeploymentPostprocessing = 0; };
		35784E1639030C91B18204D7 = {isa = PBXSourcesBuildPhase; buildActionMask = 2147483647; files = (
					B1158E9B8EA29856D5C1894F,
					1D538F6DBDA8DCF3A6792E19, ); runOnlyForDeploymentPostprocessing = 0; };
		88FB0108926C9ABFF967B62D = {isa = PBXFrameworksBuildPhase; buildActionMask = 2147483647; files = (
					C2891250179E1606716D9CBD,
					E68344FC8DA1EF732F8208EC,
					C8C77215C2C1200CBD7BE674,
					1BF8C3E33568D309015F8AC2,
					C047106C9B1473EE04531BE2,
					7565FF7B601640017BAD9C27,
					0C846F9C68661F8585F33919,
					96D79467138C897636D258A5,
					7CA51255CF47663F7E3FAA86,
					F0A3D48E43B70338DEBA0C94,
					4D15F97DE128BD78FC8531A5,
					2425E550B4C814CF86916AC3,
					A11F7B73B81003EAC56C2223,
					640FA6D03B3D027F7EE36683,
					4DE811CC2688543B03EE5E30,
					3C39F55AB4E5490D3CC5E763, ); runOnlyForDeploymentPostprocessing = 0; };
		0FFA9EE62BA3FA16C6B5D119 = {isa = PBXNativeTarget; buildConfigurationList = 9247D37E92ADEAF5D0CDB355; buildPhases = (
					CA044D6177AD1314D422075F,
					FC5FA5F145CFE43DACFC458C,
					35784E1639030C91B18204D7,
					88FB0108926C9ABFF967B62D, ); buildRules = ( ); dependencies = (
					485C8E0CA0070952DE29E087, ); name = "MultiBandCompressor - AU"; productName = MultiBandCompressor; productReference = 35AB8BF1749E2E488B2DB2CD; productType = "com.apple.product-type.bundle"; };
		3AFEEB6F73F8336BD33BF569 = {isa = XCConfigurationList; buildConfigurations = (
					9AC35854B7619241AD3BE602,
					EEB37FDC49678DE8BB342879, ); defaultConfigurationIsVisible = 0; defaultConfigurationName = Debug; };
		1C0829CE24730A9289ED5B5D = {isa = PBXResourcesBuildPhase; buildActionMask = 2147483647; files = (
					E2FE199C987603828B92E660, ); runOnlyForDeploymentPostprocessing = 0; };
		51ACE011F5652BE9D9C711FB = {isa = PBXSourcesBuildPhase; buildActionMask = 2147483647; files = (
					5E2C3A87D30A5C4914480B0C, ); runOnlyForDeploymentPostprocessing = 0; };
		D4DAFFB1D9AF4EA504B7E150 = {isa = PBXFrameworksBuildPhase; buildActionMask = 2147483647; files = (
					C2891250179E1606716D9CBD,
					E68344FC8DA1EF732F8208EC,
					1BF8C3E33568D309015F8AC2,
					C047106C9B1473EE04531BE2,
					7565FF7B601640017BAD9C27,
					0C846F9C68661F8585F33919,
					96D79467138C897636D258A5,
					F0A3D48E43B70338DEBA0C94,
					4D15F97DE128BD78FC8531A5,
					2425E550B4C814CF86916AC3,
					A11F7B73B81003EAC56C2223,
					640FA6D03B3D027F7EE36683,
					4DE811CC2688543B03EE5E30,
					3C39F55AB4E5490D3CC5E763, ); runOnlyForDeploymentPostprocessing = 0; };
		580336735600EE9483869597 = {isa = PBXNativeTarget; buildConfigurationList = 3AFEEB6F73F8336BD33BF569; buildPhases = (
					1C0829CE24730A9289ED5B5D,
					51ACE011F5652BE9D9C711FB,
					D4DAFFB1D9AF4EA504B7E150, ); buildRules = ( ); dependencies = (
					485C8E0CA0070952DE29E087, ); name = "MultiBandCompressor - Standalone Plugin"; productName = MultiBandCompressor; productReference = CB86834ADF2F7E4D2A2DBBF2; productType = "com.apple.product-type.application"; };
		B8EEFEAE5F0E44E838F11DA1 = {isa = XCConfigurationList; buildConfigurations = (
					917C69A2EF26CC9C8D8049A2,
					D34978E5A5E372603D51027F, ); defaultConfigurationIsVisible = 0; defaultConfigurationName = Debug; };
		39AB6AB86AC20AE0B3A7158F = {isa = PBXSourcesBuildPhase; buildActionMask = 2147483647; files = (
					0F0768BEE14626A3188FDF5D,
					60E2B50DC1DE99153ACC787A,
					EF9DEBFC26F1794496741BB9,
					62FA7F77D91635ABAAFB731D,
					2C912BB1649B2C492C157F34,
					DB9E8E1758038EC7F906BD22,
					0C0058FAA9353707358E4F84,
					A2DDB210B638E3B1E0319E8E,
					D46760283B3CD5280806DD04,
					DCF6676D29F3B0DFABB57B77,
					ABDBD0BAC5775C2D586842F7,
					27000E70418E1005359D0F7C,
					4E3A4675F8735302C2D9B5D9,
					C4B49107F782E58C1D75E283,
					4DEABACEBBB1F244E598ED3D,
					52EDD657AE0033A28E2F39F8,
					EEA05DC17DE316E38430D60F,
					15F748A79375C0A79C381DFD,
					DCBB7E0B6B5A43E06005ACE1, ); runOnlyForDeploymentPostprocessing = 0; };
		DD3C5816F2EA7012AC6A77A3 = {isa = PBXNativeTarget; buildConfigurationList = B8EEFEAE5F0E44E838F11DA1; buildPhases = (
					39AB6AB86AC20AE0B3A7158F, ); buildRules = ( ); dependencies = (  ); name = "MultiBandCompressor - Shared Code"; productName = MultiBandCompressor; productReference = B46AB877C67D118CE963E6C6; productType = "com.apple.product-type.library.static"; };
		81967DE0CAFA54EF5B603582 = {isa = PBXProject; buildConfigurationList = 328C07F5780E6AD3CC0D9079; attributes = { LastUpgradeCheck = 0830; ORGANIZATIONNAME = "Amogh Matt"; TargetAttributes = { 8348317D2800D3F102BA331D = { SystemCapabilities = {com.apple.ApplicationGroups.iOS = { enabled = 0; }; com.apple.InAppPurchase = { enabled = 0; }; com.apple.InterAppAudio = { enabled = 0; }; com.apple.Push = { enabled = 0; }; com.apple.Sandbox = { enabled = 0; }; }; };E0BD61CDC109F24BEB679C09 = { SystemCapabilities = {com.apple.ApplicationGroups.iOS = { enabled = 0; }; com.apple.InAppPurchase = { enabled = 0; }; com.apple.InterAppAudio = { enabled = 0; }; com.apple.Push = { enabled = 0; }; com.apple.Sandbox = { enabled = 0; }; }; };0FFA9EE62BA3FA16C6B5D119 = { SystemCapabilities = {com.apple.ApplicationGroups.iOS = { enabled = 0; }; com.apple.InAppPurchase = { enabled = 0; }; com.apple.InterAppAudio = { enabled = 0; }; com.apple.Push = { enabled = 0; }; com.apple.Sandbox = { enabled = 0; }; }; };580336735600EE9483869597 = { SystemCapabilities = {com.apple.ApplicationGroups.iOS = { enabled = 0; }; com.apple.InAppPurchase = { enabled = 0; }; com.apple.InterAppAudio = { enabled = 0; }; com.apple.Push = { enabled = 0; }; com.apple.Sandbox = { enabled = 0; }; }; };DD3C5816F2EA7012AC6A77A3 = { SystemCapabilities = {com.apple.ApplicationGroups.iOS = { enabled = 0; }; com.apple.InAppPurchase = { enabled = 0; }; com.apple.InterAppAudio = { enabled = 0; }; com.apple.Push = { enabled = 0; }; com.apple.Sandbox = { enabled = 0; }; }; }; }; }; compatibilityVersion = "Xcode 3.2"; hasScannedForEncodings = 0; mainGroup = 399FE3B5ED36E9970932E62B; projectDirPath = ""; projectRoot = ""; targets = (8348317D2800D3F102BA331D, E0BD61CDC109F24BEB679C09, 0FFA9EE62BA3FA16C6B5D119, 580336735600EE9483869597, DD3C5816F2EA7012AC6A77A3); };
	};
	rootObject = 81967DE0CAFA54EF5B603582;
}
